{
  "lib/chainlink-brownie-contracts": {
    "rev": "5cb41fbc9b525338b6098da5ea7dd0b7e92f89e4"
  },
  "lib/forge-std": {
    "rev": "fc560fa34fa12a335a50c35d92e55a6628ca467c"
  },
  "lib/foundry-devops": {
    "rev": "d4a3bb4e5937e71193d943ea73ec2a6362cbe400"
  },
  "lib/openzeppelin-contracts": {
    "rev": "0a25c1940ca220686588c4af3ec526f725fe2582"
  }
}